
Microsoft Visual Studio Solution File, Format Version 12.00
# Visual Studio Version 17
VisualStudioVersion = 17.8.34525.116
MinimumVisualStudioVersion = 10.0.40219.1
Project("{FAE04EC0-301F-11D3-BF4B-00C04F79EFBC}") = "cafemgmt", "cafemgmt\cafemgmt.csproj", "{1648BC71-2C5A-4B8B-BB4E-A283DADDD282}"
EndProject
Global
	GlobalSection(SolutionConfigurationPlatforms) = preSolution
		Debug|Any CPU = Debug|Any CPU
		Release|Any CPU = Release|Any CPU
	EndGlobalSection
	GlobalSection(ProjectConfigurationPlatforms) = postSolution
		{1648BC71-2C5A-4B8B-BB4E-A283DADDD282}.Debug|Any CPU.ActiveCfg = Debug|Any CPU
		{1648BC71-2C5A-4B8B-BB4E-A283DADDD282}.Debug|Any CPU.Build.0 = Debug|Any CPU
		{1648BC71-2C5A-4B8B-BB4E-A283DADDD282}.Release|Any CPU.ActiveCfg = Release|Any CPU
		{1648BC71-2C5A-4B8B-BB4E-A283DADDD282}.Release|Any CPU.Build.0 = Release|Any CPU
	EndGlobalSection
	GlobalSection(SolutionProperties) = preSolution
		HideSolutionNode = FALSE
	EndGlobalSection
	GlobalSection(ExtensibilityGlobals) = postSolution
		SolutionGuid = {5CBCDEED-8AAE-4FF3-A166-690B157B2CAA}
	EndGlobalSection
EndGlobal
